
Microsoft Visual Studio Solution File, Format Version 12.00
# Visual Studio Version 16
VisualStudioVersion = 16.0.29709.97
MinimumVisualStudioVersion = 10.0.40219.1
Project("{FAE04EC0-301F-11D3-BF4B-00C04F79EFBC}") = "IterativeStatementBriannaPereira", "IterativeStatementBriannaPereira.csproj", "{EBF52B27-E203-4ADD-946A-FB98074DA5D3}"
EndProject
Global
	GlobalSection(SolutionConfigurationPlatforms) = preSolution
		Debug|Any CPU = Debug|Any CPU
		Release|Any CPU = Release|Any CPU
	EndGlobalSection
	GlobalSection(ProjectConfigurationPlatforms) = postSolution
		{EBF52B27-E203-4ADD-946A-FB98074DA5D3}.Debug|Any CPU.ActiveCfg = Debug|Any CPU
		{EBF52B27-E203-4ADD-946A-FB98074DA5D3}.Debug|Any CPU.Build.0 = Debug|Any CPU
		{EBF52B27-E203-4ADD-946A-FB98074DA5D3}.Release|Any CPU.ActiveCfg = Release|Any CPU
		{EBF52B27-E203-4ADD-946A-FB98074DA5D3}.Release|Any CPU.Build.0 = Release|Any CPU
	EndGlobalSection
	GlobalSection(SolutionProperties) = preSolution
		HideSolutionNode = FALSE
	EndGlobalSection
	GlobalSection(ExtensibilityGlobals) = postSolution
		SolutionGuid = {1A1E9C24-9227-4FF7-992E-C4DE67371E00}
	EndGlobalSection
EndGlobal
